
Microsoft Visual Studio Solution File, Format Version 12.00
# Visual Studio Version 17
VisualStudioVersion = 17.10.34707.107
MinimumVisualStudioVersion = 10.0.40219.1
Project("{9A19103F-16F7-4668-BE54-9A1E7A4F7556}") = "Base.Application", "src\Base\Base.Application\Base.Application.csproj", "{8777909F-9720-4D33-9520-9497CF073E33}"
EndProject
Project("{9A19103F-16F7-4668-BE54-9A1E7A4F7556}") = "Base.Domain", "src\Base\Base.Domain\Base.Domain.csproj", "{2EC840D2-9553-4657-9263-2837E9CA2FDB}"
EndProject
Project("{9A19103F-16F7-4668-BE54-9A1E7A4F7556}") = "Base.Infrastructure", "src\Base\Base.Infrastructure\Base.Infrastructure.csproj", "{B43308E3-D7CE-4AA0-B3ED-24B063C5984D}"
EndProject
Project("{2150E333-8FDC-42A3-9474-1A3956D46DE8}") = "src", "src", "{ADEFC37B-6C69-4D46-8257-F600FD83AE4F}"
EndProject
Project("{2150E333-8FDC-42A3-9474-1A3956D46DE8}") = "tests", "tests", "{A95BD77D-2E29-4DCF-840D-A3962F15289E}"
EndProject
Project("{2150E333-8FDC-42A3-9474-1A3956D46DE8}") = "Helpers", "Helpers", "{EF8F8FD7-03E3-4087-9F33-34F43D27B113}"
EndProject
Project("{2150E333-8FDC-42A3-9474-1A3956D46DE8}") = "Base", "Base", "{5984A18E-0017-4DDC-9D9E-5F882E221F96}"
EndProject
Project("{2150E333-8FDC-42A3-9474-1A3956D46DE8}") = "Base.Domain", "Base.Domain", "{194FB84E-ACD8-44F5-ABC6-9E51883D065A}"
EndProject
Project("{2150E333-8FDC-42A3-9474-1A3956D46DE8}") = "Base.Infrastructure", "Base.Infrastructure", "{39EFB4FA-F988-468D-841C-E6EBE7F59E18}"
EndProject
Project("{2150E333-8FDC-42A3-9474-1A3956D46DE8}") = "Base.Application", "Base.Application", "{13FD94E4-94DE-47FC-A3C9-B48E1F0A6B6C}"
EndProject
Project("{2150E333-8FDC-42A3-9474-1A3956D46DE8}") = "Base.Tests", "Base.Tests", "{1426D517-4A2B-41C6-9F0B-94E4A4D9F059}"
EndProject
Project("{9A19103F-16F7-4668-BE54-9A1E7A4F7556}") = "Base.Tests", "tests\Base.Tests\Base.Tests.csproj", "{4F2B6F8B-16D1-450D-A8FD-0F302B58B2FB}"
EndProject
Project("{2150E333-8FDC-42A3-9474-1A3956D46DE8}") = "Web.API", "Web.API", "{0D4CA7FA-C121-4896-BEF5-6C8EE5087A26}"
EndProject
Project("{2150E333-8FDC-42A3-9474-1A3956D46DE8}") = "Solution Items", "Solution Items", "{BFF5A9E7-69CB-4146-BEE9-68EF9004503F}"
	ProjectSection(SolutionItems) = preProject
		.editorconfig = .editorconfig
		Directory.Build.props = Directory.Build.props
	EndProjectSection
EndProject
Project("{9A19103F-16F7-4668-BE54-9A1E7A4F7556}") = "Helper", "src\Helpers\Helper\Helper.csproj", "{3C311FBF-08DF-44BB-B13C-F89BEED20201}"
EndProject
Project("{9A19103F-16F7-4668-BE54-9A1E7A4F7556}") = "Web.API", "src\Web.API\Web.API.csproj", "{EA12566F-95F7-4D9E-89CF-83B9036863DA}"
EndProject
Project("{2150E333-8FDC-42A3-9474-1A3956D46DE8}") = "ClientException", "ClientException", "{D0A924AA-8E3F-402E-B89A-41E88D996249}"
EndProject
Project("{2150E333-8FDC-42A3-9474-1A3956D46DE8}") = "ClientException.Application", "ClientException.Application", "{008DE6BE-C561-4212-8EEA-03304E1A7990}"
EndProject
Project("{2150E333-8FDC-42A3-9474-1A3956D46DE8}") = "ClientException.Domain", "ClientException.Domain", "{F33EFF4A-E34B-4EA6-9237-275AD34A5963}"
EndProject
Project("{2150E333-8FDC-42A3-9474-1A3956D46DE8}") = "ClientException.Infrastructure", "ClientException.Infrastructure", "{70169CAC-F957-4BD3-8D7F-2235FE8096F1}"
EndProject
Project("{9A19103F-16F7-4668-BE54-9A1E7A4F7556}") = "ClientException.Domain", "src\ClientException\ClientException.Domain\ClientException.Domain.csproj", "{DE776782-19A4-47D0-816A-F0CF8CEC5DF0}"
EndProject
Project("{9A19103F-16F7-4668-BE54-9A1E7A4F7556}") = "ClientException.Infrastructure", "src\ClientException\ClientException.Infrastructure\ClientException.Infrastructure.csproj", "{43959D95-BBCB-4ED9-806C-8EFDC3ABD144}"
EndProject
Project("{9A19103F-16F7-4668-BE54-9A1E7A4F7556}") = "ClientException.Application", "src\ClientException\ClientException.Application\ClientException.Application.csproj", "{300F17EB-802C-401D-840B-D988DF81BD50}"
EndProject
Project("{2150E333-8FDC-42A3-9474-1A3956D46DE8}") = "ClientException.Tests", "ClientException.Tests", "{805A8D78-F50F-4436-9A8C-2E2C17E785E9}"
EndProject
Project("{9A19103F-16F7-4668-BE54-9A1E7A4F7556}") = "ClientException.Tests", "tests\ClientException.Tests\ClientException.Tests.csproj", "{8C10CA5C-99DF-4622-AB88-F7851D88135F}"
EndProject
Project("{2150E333-8FDC-42A3-9474-1A3956D46DE8}") = "Chassis", "Chassis", "{CBC04193-C924-411A-89C5-4A1FCA622494}"
EndProject
Project("{2150E333-8FDC-42A3-9474-1A3956D46DE8}") = "Chassis.Application", "Chassis.Application", "{C2D66DD2-5E52-48D1-BA4C-D33A5B7898DC}"
EndProject
Project("{2150E333-8FDC-42A3-9474-1A3956D46DE8}") = "Chassis.Domain", "Chassis.Domain", "{D91D59CC-E8BA-4A23-AE25-A3F216540DE0}"
EndProject
Project("{2150E333-8FDC-42A3-9474-1A3956D46DE8}") = "Chassis.Infrastructure", "Chassis.Infrastructure", "{3AE468FF-6C9C-49EA-B1E5-DBEAD613F4CB}"
EndProject
Project("{2150E333-8FDC-42A3-9474-1A3956D46DE8}") = "VehicleType", "VehicleType", "{41243A8F-9718-4100-B5C3-D209453C4E04}"
EndProject
Project("{2150E333-8FDC-42A3-9474-1A3956D46DE8}") = "VehicleType.Application", "VehicleType.Application", "{D664C421-55F3-4BA1-BA5B-193F71E00C95}"
EndProject
Project("{2150E333-8FDC-42A3-9474-1A3956D46DE8}") = "VehicleType.Infrastructure", "VehicleType.Infrastructure", "{3626A385-D780-48B0-A016-FE72B6CE141E}"
EndProject
Project("{2150E333-8FDC-42A3-9474-1A3956D46DE8}") = "VehicleType.Domain", "VehicleType.Domain", "{CA68531D-1B29-42D9-B343-D07AD038E3E3}"
EndProject
Project("{2150E333-8FDC-42A3-9474-1A3956D46DE8}") = "Vehicle", "Vehicle", "{7C0FD12B-3F62-4A71-9348-915D7B6E1758}"
EndProject
Project("{2150E333-8FDC-42A3-9474-1A3956D46DE8}") = "Vehicle.Domain", "Vehicle.Domain", "{6B6E51E9-776C-4D21-8AC8-68FCD4477F0D}"
EndProject
Project("{2150E333-8FDC-42A3-9474-1A3956D46DE8}") = "Vehicle.Infrastructure", "Vehicle.Infrastructure", "{835C07F1-DC91-4429-B1CA-C99519DD333D}"
EndProject
Project("{2150E333-8FDC-42A3-9474-1A3956D46DE8}") = "Vehicle.Application", "Vehicle.Application", "{576552D5-E42F-4A7B-B348-384A5D306C01}"
EndProject
Project("{2150E333-8FDC-42A3-9474-1A3956D46DE8}") = "Chassis.Tests", "Chassis.Tests", "{7A78B961-475C-4882-AF33-94134750053E}"
EndProject
Project("{2150E333-8FDC-42A3-9474-1A3956D46DE8}") = "Vehicle.Tests", "Vehicle.Tests", "{A2667D01-3E18-401A-BC81-B221C05F24FC}"
EndProject
Project("{2150E333-8FDC-42A3-9474-1A3956D46DE8}") = "VehicleType.Tests", "VehicleType.Tests", "{15EB95E2-586D-4E85-80DE-F2956A3A4AD2}"
EndProject
Project("{FAE04EC0-301F-11D3-BF4B-00C04F79EFBC}") = "Chassis.Domain", "src\Chassis\Chassis.Domain\Chassis.Domain.csproj", "{26544CF7-7166-4DFB-BFA6-9BBD015B395A}"
EndProject
Project("{FAE04EC0-301F-11D3-BF4B-00C04F79EFBC}") = "Chassis.Infrastructure", "src\Chassis\Chassis.Infrastructure\Chassis.Infrastructure.csproj", "{CBEFF5E2-978C-4806-B1AE-3ABEF8507C6F}"
EndProject
Project("{FAE04EC0-301F-11D3-BF4B-00C04F79EFBC}") = "Chassis.Application", "src\Chassis\Chassis.Application\Chassis.Application.csproj", "{A76402F9-58BB-43B4-90F3-8E227570A33B}"
EndProject
Project("{FAE04EC0-301F-11D3-BF4B-00C04F79EFBC}") = "VehicleType.Domain", "src\VehicleType\VehicleType.Domain\VehicleType.Domain.csproj", "{7188FA56-3211-40A3-8BE5-7FC48292487A}"
EndProject
Project("{FAE04EC0-301F-11D3-BF4B-00C04F79EFBC}") = "VehicleType.Infrastructure", "src\VehicleType\VehicleType.Infrastructure\VehicleType.Infrastructure.csproj", "{0876D22F-81F3-4FCF-BB45-27D7035BF7E8}"
EndProject
Project("{FAE04EC0-301F-11D3-BF4B-00C04F79EFBC}") = "VehicleType.Application", "src\VehicleType\VehicleType.Application\VehicleType.Application.csproj", "{412E0395-D393-4972-ADC5-56E453C4D9E6}"
EndProject
Project("{FAE04EC0-301F-11D3-BF4B-00C04F79EFBC}") = "Vehicle.Domain", "src\Vehicle\Vehicle.Domain\Vehicle.Domain.csproj", "{68DD496A-1EE0-47CE-908E-922AFB220DBC}"
EndProject
Project("{FAE04EC0-301F-11D3-BF4B-00C04F79EFBC}") = "Vehicle.Application", "src\Vehicle\Vehicle.Application\Vehicle.Application.csproj", "{97240E4E-8B6E-40B8-9ADC-4CD9E25B0E1D}"
EndProject
Project("{FAE04EC0-301F-11D3-BF4B-00C04F79EFBC}") = "Vehicle.Infrastructure", "src\Vehicle\Vehicle.Infrastructure\Vehicle.Infrastructure.csproj", "{29A0E890-C5C3-4619-B7BF-CB90F72E0905}"
EndProject
Project("{FAE04EC0-301F-11D3-BF4B-00C04F79EFBC}") = "Chassis.Tests", "tests\Chassis.Tests\Chassis.Tests.csproj", "{543D9CC9-9E8E-4F8D-946F-BD27D6F83C05}"
EndProject
Project("{FAE04EC0-301F-11D3-BF4B-00C04F79EFBC}") = "VehicleType.Tests", "tests\VehicleType.Tests\VehicleType.Tests.csproj", "{18666F6E-03A5-4938-8E6C-B266BB815FD9}"
EndProject
Project("{FAE04EC0-301F-11D3-BF4B-00C04F79EFBC}") = "Vehicle.Tests", "tests\Vehicle.Tests\Vehicle.Tests.csproj", "{2230D890-5C44-41CB-B73E-5D18891E2AF6}"
EndProject
Project("{2150E333-8FDC-42A3-9474-1A3956D46DE8}") = "Web.UI", "Web.UI", "{02EA681E-C7D8-13C7-8484-4AC65E1B71E8}"
EndProject
Project("{FAE04EC0-301F-11D3-BF4B-00C04F79EFBC}") = "Web.UI", "src\Web.UI\Web.UI.csproj", "{6BEE2383-0253-4E6E-B472-BC41E63B7CF4}"
EndProject
Global
	GlobalSection(SolutionConfigurationPlatforms) = preSolution
		Debug|Any CPU = Debug|Any CPU
		Release|Any CPU = Release|Any CPU
	EndGlobalSection
	GlobalSection(ProjectConfigurationPlatforms) = postSolution
		{8777909F-9720-4D33-9520-9497CF073E33}.Debug|Any CPU.ActiveCfg = Debug|Any CPU
		{8777909F-9720-4D33-9520-9497CF073E33}.Debug|Any CPU.Build.0 = Debug|Any CPU
		{8777909F-9720-4D33-9520-9497CF073E33}.Release|Any CPU.ActiveCfg = Release|Any CPU
		{8777909F-9720-4D33-9520-9497CF073E33}.Release|Any CPU.Build.0 = Release|Any CPU
		{2EC840D2-9553-4657-9263-2837E9CA2FDB}.Debug|Any CPU.ActiveCfg = Debug|Any CPU
		{2EC840D2-9553-4657-9263-2837E9CA2FDB}.Debug|Any CPU.Build.0 = Debug|Any CPU
		{2EC840D2-9553-4657-9263-2837E9CA2FDB}.Release|Any CPU.ActiveCfg = Release|Any CPU
		{2EC840D2-9553-4657-9263-2837E9CA2FDB}.Release|Any CPU.Build.0 = Release|Any CPU
		{B43308E3-D7CE-4AA0-B3ED-24B063C5984D}.Debug|Any CPU.ActiveCfg = Debug|Any CPU
		{B43308E3-D7CE-4AA0-B3ED-24B063C5984D}.Debug|Any CPU.Build.0 = Debug|Any CPU
		{B43308E3-D7CE-4AA0-B3ED-24B063C5984D}.Release|Any CPU.ActiveCfg = Release|Any CPU
		{B43308E3-D7CE-4AA0-B3ED-24B063C5984D}.Release|Any CPU.Build.0 = Release|Any CPU
		{4F2B6F8B-16D1-450D-A8FD-0F302B58B2FB}.Debug|Any CPU.ActiveCfg = Debug|Any CPU
		{4F2B6F8B-16D1-450D-A8FD-0F302B58B2FB}.Debug|Any CPU.Build.0 = Debug|Any CPU
		{4F2B6F8B-16D1-450D-A8FD-0F302B58B2FB}.Release|Any CPU.ActiveCfg = Release|Any CPU
		{4F2B6F8B-16D1-450D-A8FD-0F302B58B2FB}.Release|Any CPU.Build.0 = Release|Any CPU
		{3C311FBF-08DF-44BB-B13C-F89BEED20201}.Debug|Any CPU.ActiveCfg = Debug|Any CPU
		{3C311FBF-08DF-44BB-B13C-F89BEED20201}.Debug|Any CPU.Build.0 = Debug|Any CPU
		{3C311FBF-08DF-44BB-B13C-F89BEED20201}.Release|Any CPU.ActiveCfg = Release|Any CPU
		{3C311FBF-08DF-44BB-B13C-F89BEED20201}.Release|Any CPU.Build.0 = Release|Any CPU
		{EA12566F-95F7-4D9E-89CF-83B9036863DA}.Debug|Any CPU.ActiveCfg = Debug|Any CPU
		{EA12566F-95F7-4D9E-89CF-83B9036863DA}.Debug|Any CPU.Build.0 = Debug|Any CPU
		{EA12566F-95F7-4D9E-89CF-83B9036863DA}.Release|Any CPU.ActiveCfg = Release|Any CPU
		{EA12566F-95F7-4D9E-89CF-83B9036863DA}.Release|Any CPU.Build.0 = Release|Any CPU
		{DE776782-19A4-47D0-816A-F0CF8CEC5DF0}.Debug|Any CPU.ActiveCfg = Debug|Any CPU
		{DE776782-19A4-47D0-816A-F0CF8CEC5DF0}.Debug|Any CPU.Build.0 = Debug|Any CPU
		{DE776782-19A4-47D0-816A-F0CF8CEC5DF0}.Release|Any CPU.ActiveCfg = Release|Any CPU
		{DE776782-19A4-47D0-816A-F0CF8CEC5DF0}.Release|Any CPU.Build.0 = Release|Any CPU
		{43959D95-BBCB-4ED9-806C-8EFDC3ABD144}.Debug|Any CPU.ActiveCfg = Debug|Any CPU
		{43959D95-BBCB-4ED9-806C-8EFDC3ABD144}.Debug|Any CPU.Build.0 = Debug|Any CPU
		{43959D95-BBCB-4ED9-806C-8EFDC3ABD144}.Release|Any CPU.ActiveCfg = Release|Any CPU
		{43959D95-BBCB-4ED9-806C-8EFDC3ABD144}.Release|Any CPU.Build.0 = Release|Any CPU
		{300F17EB-802C-401D-840B-D988DF81BD50}.Debug|Any CPU.ActiveCfg = Debug|Any CPU
		{300F17EB-802C-401D-840B-D988DF81BD50}.Debug|Any CPU.Build.0 = Debug|Any CPU
		{300F17EB-802C-401D-840B-D988DF81BD50}.Release|Any CPU.ActiveCfg = Release|Any CPU
		{300F17EB-802C-401D-840B-D988DF81BD50}.Release|Any CPU.Build.0 = Release|Any CPU
		{8C10CA5C-99DF-4622-AB88-F7851D88135F}.Debug|Any CPU.ActiveCfg = Debug|Any CPU
		{8C10CA5C-99DF-4622-AB88-F7851D88135F}.Debug|Any CPU.Build.0 = Debug|Any CPU
		{8C10CA5C-99DF-4622-AB88-F7851D88135F}.Release|Any CPU.ActiveCfg = Release|Any CPU
		{8C10CA5C-99DF-4622-AB88-F7851D88135F}.Release|Any CPU.Build.0 = Release|Any CPU
		{26544CF7-7166-4DFB-BFA6-9BBD015B395A}.Debug|Any CPU.ActiveCfg = Debug|Any CPU
		{26544CF7-7166-4DFB-BFA6-9BBD015B395A}.Debug|Any CPU.Build.0 = Debug|Any CPU
		{26544CF7-7166-4DFB-BFA6-9BBD015B395A}.Release|Any CPU.ActiveCfg = Release|Any CPU
		{26544CF7-7166-4DFB-BFA6-9BBD015B395A}.Release|Any CPU.Build.0 = Release|Any CPU
		{CBEFF5E2-978C-4806-B1AE-3ABEF8507C6F}.Debug|Any CPU.ActiveCfg = Debug|Any CPU
		{CBEFF5E2-978C-4806-B1AE-3ABEF8507C6F}.Debug|Any CPU.Build.0 = Debug|Any CPU
		{CBEFF5E2-978C-4806-B1AE-3ABEF8507C6F}.Release|Any CPU.ActiveCfg = Release|Any CPU
		{CBEFF5E2-978C-4806-B1AE-3ABEF8507C6F}.Release|Any CPU.Build.0 = Release|Any CPU
		{A76402F9-58BB-43B4-90F3-8E227570A33B}.Debug|Any CPU.ActiveCfg = Debug|Any CPU
		{A76402F9-58BB-43B4-90F3-8E227570A33B}.Debug|Any CPU.Build.0 = Debug|Any CPU
		{A76402F9-58BB-43B4-90F3-8E227570A33B}.Release|Any CPU.ActiveCfg = Release|Any CPU
		{A76402F9-58BB-43B4-90F3-8E227570A33B}.Release|Any CPU.Build.0 = Release|Any CPU
		{7188FA56-3211-40A3-8BE5-7FC48292487A}.Debug|Any CPU.ActiveCfg = Debug|Any CPU
		{7188FA56-3211-40A3-8BE5-7FC48292487A}.Debug|Any CPU.Build.0 = Debug|Any CPU
		{7188FA56-3211-40A3-8BE5-7FC48292487A}.Release|Any CPU.ActiveCfg = Release|Any CPU
		{7188FA56-3211-40A3-8BE5-7FC48292487A}.Release|Any CPU.Build.0 = Release|Any CPU
		{0876D22F-81F3-4FCF-BB45-27D7035BF7E8}.Debug|Any CPU.ActiveCfg = Debug|Any CPU
		{0876D22F-81F3-4FCF-BB45-27D7035BF7E8}.Debug|Any CPU.Build.0 = Debug|Any CPU
		{0876D22F-81F3-4FCF-BB45-27D7035BF7E8}.Release|Any CPU.ActiveCfg = Release|Any CPU
		{0876D22F-81F3-4FCF-BB45-27D7035BF7E8}.Release|Any CPU.Build.0 = Release|Any CPU
		{412E0395-D393-4972-ADC5-56E453C4D9E6}.Debug|Any CPU.ActiveCfg = Debug|Any CPU
		{412E0395-D393-4972-ADC5-56E453C4D9E6}.Debug|Any CPU.Build.0 = Debug|Any CPU
		{412E0395-D393-4972-ADC5-56E453C4D9E6}.Release|Any CPU.ActiveCfg = Release|Any CPU
		{412E0395-D393-4972-ADC5-56E453C4D9E6}.Release|Any CPU.Build.0 = Release|Any CPU
		{68DD496A-1EE0-47CE-908E-922AFB220DBC}.Debug|Any CPU.ActiveCfg = Debug|Any CPU
		{68DD496A-1EE0-47CE-908E-922AFB220DBC}.Debug|Any CPU.Build.0 = Debug|Any CPU
		{68DD496A-1EE0-47CE-908E-922AFB220DBC}.Release|Any CPU.ActiveCfg = Release|Any CPU
		{68DD496A-1EE0-47CE-908E-922AFB220DBC}.Release|Any CPU.Build.0 = Release|Any CPU
		{97240E4E-8B6E-40B8-9ADC-4CD9E25B0E1D}.Debug|Any CPU.ActiveCfg = Debug|Any CPU
		{97240E4E-8B6E-40B8-9ADC-4CD9E25B0E1D}.Debug|Any CPU.Build.0 = Debug|Any CPU
		{97240E4E-8B6E-40B8-9ADC-4CD9E25B0E1D}.Release|Any CPU.ActiveCfg = Release|Any CPU
		{97240E4E-8B6E-40B8-9ADC-4CD9E25B0E1D}.Release|Any CPU.Build.0 = Release|Any CPU
		{29A0E890-C5C3-4619-B7BF-CB90F72E0905}.Debug|Any CPU.ActiveCfg = Debug|Any CPU
		{29A0E890-C5C3-4619-B7BF-CB90F72E0905}.Debug|Any CPU.Build.0 = Debug|Any CPU
		{29A0E890-C5C3-4619-B7BF-CB90F72E0905}.Release|Any CPU.ActiveCfg = Release|Any CPU
		{29A0E890-C5C3-4619-B7BF-CB90F72E0905}.Release|Any CPU.Build.0 = Release|Any CPU
		{543D9CC9-9E8E-4F8D-946F-BD27D6F83C05}.Debug|Any CPU.ActiveCfg = Debug|Any CPU
		{543D9CC9-9E8E-4F8D-946F-BD27D6F83C05}.Debug|Any CPU.Build.0 = Debug|Any CPU
		{543D9CC9-9E8E-4F8D-946F-BD27D6F83C05}.Release|Any CPU.ActiveCfg = Release|Any CPU
		{543D9CC9-9E8E-4F8D-946F-BD27D6F83C05}.Release|Any CPU.Build.0 = Release|Any CPU
		{18666F6E-03A5-4938-8E6C-B266BB815FD9}.Debug|Any CPU.ActiveCfg = Debug|Any CPU
		{18666F6E-03A5-4938-8E6C-B266BB815FD9}.Debug|Any CPU.Build.0 = Debug|Any CPU
		{18666F6E-03A5-4938-8E6C-B266BB815FD9}.Release|Any CPU.ActiveCfg = Release|Any CPU
		{18666F6E-03A5-4938-8E6C-B266BB815FD9}.Release|Any CPU.Build.0 = Release|Any CPU
		{2230D890-5C44-41CB-B73E-5D18891E2AF6}.Debug|Any CPU.ActiveCfg = Debug|Any CPU
		{2230D890-5C44-41CB-B73E-5D18891E2AF6}.Debug|Any CPU.Build.0 = Debug|Any CPU
		{2230D890-5C44-41CB-B73E-5D18891E2AF6}.Release|Any CPU.ActiveCfg = Release|Any CPU
		{2230D890-5C44-41CB-B73E-5D18891E2AF6}.Release|Any CPU.Build.0 = Release|Any CPU
		{6BEE2383-0253-4E6E-B472-BC41E63B7CF4}.Debug|Any CPU.ActiveCfg = Debug|Any CPU
		{6BEE2383-0253-4E6E-B472-BC41E63B7CF4}.Debug|Any CPU.Build.0 = Debug|Any CPU
		{6BEE2383-0253-4E6E-B472-BC41E63B7CF4}.Release|Any CPU.ActiveCfg = Release|Any CPU
		{6BEE2383-0253-4E6E-B472-BC41E63B7CF4}.Release|Any CPU.Build.0 = Release|Any CPU
	EndGlobalSection
	GlobalSection(SolutionProperties) = preSolution
		HideSolutionNode = FALSE
	EndGlobalSection
	GlobalSection(NestedProjects) = preSolution
		{8777909F-9720-4D33-9520-9497CF073E33} = {13FD94E4-94DE-47FC-A3C9-B48E1F0A6B6C}
		{2EC840D2-9553-4657-9263-2837E9CA2FDB} = {194FB84E-ACD8-44F5-ABC6-9E51883D065A}
		{B43308E3-D7CE-4AA0-B3ED-24B063C5984D} = {39EFB4FA-F988-468D-841C-E6EBE7F59E18}
		{EF8F8FD7-03E3-4087-9F33-34F43D27B113} = {ADEFC37B-6C69-4D46-8257-F600FD83AE4F}
		{5984A18E-0017-4DDC-9D9E-5F882E221F96} = {ADEFC37B-6C69-4D46-8257-F600FD83AE4F}
		{194FB84E-ACD8-44F5-ABC6-9E51883D065A} = {5984A18E-0017-4DDC-9D9E-5F882E221F96}
		{39EFB4FA-F988-468D-841C-E6EBE7F59E18} = {5984A18E-0017-4DDC-9D9E-5F882E221F96}
		{13FD94E4-94DE-47FC-A3C9-B48E1F0A6B6C} = {5984A18E-0017-4DDC-9D9E-5F882E221F96}
		{1426D517-4A2B-41C6-9F0B-94E4A4D9F059} = {A95BD77D-2E29-4DCF-840D-A3962F15289E}
		{4F2B6F8B-16D1-450D-A8FD-0F302B58B2FB} = {1426D517-4A2B-41C6-9F0B-94E4A4D9F059}
		{0D4CA7FA-C121-4896-BEF5-6C8EE5087A26} = {ADEFC37B-6C69-4D46-8257-F600FD83AE4F}
		{3C311FBF-08DF-44BB-B13C-F89BEED20201} = {EF8F8FD7-03E3-4087-9F33-34F43D27B113}
		{EA12566F-95F7-4D9E-89CF-83B9036863DA} = {0D4CA7FA-C121-4896-BEF5-6C8EE5087A26}
		{D0A924AA-8E3F-402E-B89A-41E88D996249} = {ADEFC37B-6C69-4D46-8257-F600FD83AE4F}
		{008DE6BE-C561-4212-8EEA-03304E1A7990} = {D0A924AA-8E3F-402E-B89A-41E88D996249}
		{F33EFF4A-E34B-4EA6-9237-275AD34A5963} = {D0A924AA-8E3F-402E-B89A-41E88D996249}
		{70169CAC-F957-4BD3-8D7F-2235FE8096F1} = {D0A924AA-8E3F-402E-B89A-41E88D996249}
		{DE776782-19A4-47D0-816A-F0CF8CEC5DF0} = {F33EFF4A-E34B-4EA6-9237-275AD34A5963}
		{43959D95-BBCB-4ED9-806C-8EFDC3ABD144} = {70169CAC-F957-4BD3-8D7F-2235FE8096F1}
		{300F17EB-802C-401D-840B-D988DF81BD50} = {008DE6BE-C561-4212-8EEA-03304E1A7990}
		{805A8D78-F50F-4436-9A8C-2E2C17E785E9} = {A95BD77D-2E29-4DCF-840D-A3962F15289E}
		{8C10CA5C-99DF-4622-AB88-F7851D88135F} = {805A8D78-F50F-4436-9A8C-2E2C17E785E9}
		{CBC04193-C924-411A-89C5-4A1FCA622494} = {ADEFC37B-6C69-4D46-8257-F600FD83AE4F}
		{C2D66DD2-5E52-48D1-BA4C-D33A5B7898DC} = {CBC04193-C924-411A-89C5-4A1FCA622494}
		{D91D59CC-E8BA-4A23-AE25-A3F216540DE0} = {CBC04193-C924-411A-89C5-4A1FCA622494}
		{3AE468FF-6C9C-49EA-B1E5-DBEAD613F4CB} = {CBC04193-C924-411A-89C5-4A1FCA622494}
		{41243A8F-9718-4100-B5C3-D209453C4E04} = {ADEFC37B-6C69-4D46-8257-F600FD83AE4F}
		{D664C421-55F3-4BA1-BA5B-193F71E00C95} = {41243A8F-9718-4100-B5C3-D209453C4E04}
		{3626A385-D780-48B0-A016-FE72B6CE141E} = {41243A8F-9718-4100-B5C3-D209453C4E04}
		{CA68531D-1B29-42D9-B343-D07AD038E3E3} = {41243A8F-9718-4100-B5C3-D209453C4E04}
		{7C0FD12B-3F62-4A71-9348-915D7B6E1758} = {ADEFC37B-6C69-4D46-8257-F600FD83AE4F}
		{6B6E51E9-776C-4D21-8AC8-68FCD4477F0D} = {7C0FD12B-3F62-4A71-9348-915D7B6E1758}
		{835C07F1-DC91-4429-B1CA-C99519DD333D} = {7C0FD12B-3F62-4A71-9348-915D7B6E1758}
		{576552D5-E42F-4A7B-B348-384A5D306C01} = {7C0FD12B-3F62-4A71-9348-915D7B6E1758}
		{7A78B961-475C-4882-AF33-94134750053E} = {A95BD77D-2E29-4DCF-840D-A3962F15289E}
		{A2667D01-3E18-401A-BC81-B221C05F24FC} = {A95BD77D-2E29-4DCF-840D-A3962F15289E}
		{15EB95E2-586D-4E85-80DE-F2956A3A4AD2} = {A95BD77D-2E29-4DCF-840D-A3962F15289E}
		{26544CF7-7166-4DFB-BFA6-9BBD015B395A} = {D91D59CC-E8BA-4A23-AE25-A3F216540DE0}
		{CBEFF5E2-978C-4806-B1AE-3ABEF8507C6F} = {3AE468FF-6C9C-49EA-B1E5-DBEAD613F4CB}
		{A76402F9-58BB-43B4-90F3-8E227570A33B} = {C2D66DD2-5E52-48D1-BA4C-D33A5B7898DC}
		{7188FA56-3211-40A3-8BE5-7FC48292487A} = {CA68531D-1B29-42D9-B343-D07AD038E3E3}
		{0876D22F-81F3-4FCF-BB45-27D7035BF7E8} = {3626A385-D780-48B0-A016-FE72B6CE141E}
		{412E0395-D393-4972-ADC5-56E453C4D9E6} = {D664C421-55F3-4BA1-BA5B-193F71E00C95}
		{68DD496A-1EE0-47CE-908E-922AFB220DBC} = {6B6E51E9-776C-4D21-8AC8-68FCD4477F0D}
		{97240E4E-8B6E-40B8-9ADC-4CD9E25B0E1D} = {576552D5-E42F-4A7B-B348-384A5D306C01}
		{29A0E890-C5C3-4619-B7BF-CB90F72E0905} = {835C07F1-DC91-4429-B1CA-C99519DD333D}
		{543D9CC9-9E8E-4F8D-946F-BD27D6F83C05} = {7A78B961-475C-4882-AF33-94134750053E}
		{18666F6E-03A5-4938-8E6C-B266BB815FD9} = {15EB95E2-586D-4E85-80DE-F2956A3A4AD2}
		{2230D890-5C44-41CB-B73E-5D18891E2AF6} = {A2667D01-3E18-401A-BC81-B221C05F24FC}
		{02EA681E-C7D8-13C7-8484-4AC65E1B71E8} = {ADEFC37B-6C69-4D46-8257-F600FD83AE4F}
		{6BEE2383-0253-4E6E-B472-BC41E63B7CF4} = {02EA681E-C7D8-13C7-8484-4AC65E1B71E8}
	EndGlobalSection
	GlobalSection(ExtensibilityGlobals) = postSolution
		SolutionGuid = {17E96C4D-4198-44F7-8EF5-FF02A7062986}
	EndGlobalSection
EndGlobal
